{
  "originHash" : "25ec7533d817ee410338d269295c4cd7a99c33dd60aecc606b85356fb5a4492a",
  "pins" : [
    {
      "identity" : "hume-swift-sdk",
      "kind" : "remoteSourceControl",
      "location" : "https://github.com/HumeAI/hume-swift-sdk.git",
      "state" : {
        "revision" : "f0343bf6dd8967fda1c6b90f9cee28048510eefb",
        "version" : "0.0.1-beta8"
      }
    }
  ],
  "version" : 3
}
